
Microsoft Visual Studio Solution File, Format Version 12.00
# Visual Studio Version 16
VisualStudioVersion = 16.0.30413.136
MinimumVisualStudioVersion = 10.0.40219.1
Project("{FAE04EC0-301F-11D3-BF4B-00C04F79EFBC}") = "SmartToDoListAPI", "SmartToDoListAPI\SmartToDoListAPI.csproj", "{634F77D5-FFD0-4526-AACC-E0A59267F102}"
EndProject
Global
	GlobalSection(SolutionConfigurationPlatforms) = preSolution
		Debug|Any CPU = Debug|Any CPU
		Release|Any CPU = Release|Any CPU
	EndGlobalSection
	GlobalSection(ProjectConfigurationPlatforms) = postSolution
		{634F77D5-FFD0-4526-AACC-E0A59267F102}.Debug|Any CPU.ActiveCfg = Debug|Any CPU
		{634F77D5-FFD0-4526-AACC-E0A59267F102}.Debug|Any CPU.Build.0 = Debug|Any CPU
		{634F77D5-FFD0-4526-AACC-E0A59267F102}.Release|Any CPU.ActiveCfg = Release|Any CPU
		{634F77D5-FFD0-4526-AACC-E0A59267F102}.Release|Any CPU.Build.0 = Release|Any CPU
	EndGlobalSection
	GlobalSection(SolutionProperties) = preSolution
		HideSolutionNode = FALSE
	EndGlobalSection
	GlobalSection(ExtensibilityGlobals) = postSolution
		SolutionGuid = {4C65D0B4-5F1D-40B3-B9A7-E7549153B963}
	EndGlobalSection
EndGlobal
